
Microsoft Visual Studio Solution File, Format Version 12.00
# Visual Studio Version 16
VisualStudioVersion = 16.0.30709.132
MinimumVisualStudioVersion = 10.0.40219.1
Project("{FAE04EC0-301F-11D3-BF4B-00C04F79EFBC}") = "Octopus.SearchCore", "Octopus.SearchCore\Octopus.SearchCore.csproj", "{66ED4541-A56B-4E92-B8FA-0F39A8CD3B1C}"
EndProject
Project("{FAE04EC0-301F-11D3-BF4B-00C04F79EFBC}") = "Octopus.Segment", "Octopus.Segment\Octopus.Segment.csproj", "{0D7807C4-B2C6-4484-834A-F5F93FBECD05}"
EndProject
Project("{FAE04EC0-301F-11D3-BF4B-00C04F79EFBC}") = "Octopus.Tools", "Octopus.Tools\Octopus.Tools.csproj", "{41E49348-B12D-4B3C-B521-7BDED180B254}"
EndProject
Project("{FAE04EC0-301F-11D3-BF4B-00C04F79EFBC}") = "OctopusEx.WebCore", "OctopusEx.WebCore\OctopusEx.WebCore.csproj", "{98BE17A3-BD52-4009-8026-D623CCDC73D2}"
EndProject
Project("{2150E333-8FDC-42A3-9474-1A3956D46DE8}") = "tests", "tests", "{0AB3BF05-4346-4AA6-1389-037BE0695223}"
EndProject
Project("{FAE04EC0-301F-11D3-BF4B-00C04F79EFBC}") = "OctopusEx.WebCore.Tests", "tests\OctopusEx.WebCore.Tests\OctopusEx.WebCore.Tests.csproj", "{8423DE22-FBA9-4C68-9070-B8EA57A41F13}"
EndProject
Project("{FAE04EC0-301F-11D3-BF4B-00C04F79EFBC}") = "OctopusEx.SearchCore.Tests", "tests\OctopusEx.SearchCore.Tests\OctopusEx.SearchCore.Tests.csproj", "{5908CC29-E1D1-40E0-9E69-346B4293E096}"
EndProject
Project("{FAE04EC0-301F-11D3-BF4B-00C04F79EFBC}") = "OctopusEx.Segment.Tests", "tests\OctopusEx.Segment.Tests\OctopusEx.Segment.Tests.csproj", "{8E27A2A7-25CF-490F-B680-D028AC699D06}"
EndProject
Project("{FAE04EC0-301F-11D3-BF4B-00C04F79EFBC}") = "OctopusEx.Aspire", "OctopusEx.Aspire\OctopusEx.Aspire.csproj", "{80B34C03-B183-4551-B2B3-A4A5B6995765}"
EndProject
Project("{FAE04EC0-301F-11D3-BF4B-00C04F79EFBC}") = "OctopusEx.Benchmarks", "tests\OctopusEx.Benchmarks\OctopusEx.Benchmarks.csproj", "{E34B8FB8-1F9C-4B3D-AB53-07BF6AA528AD}"
EndProject
Project("{FAE04EC0-301F-11D3-BF4B-00C04F79EFBC}") = "OctopusEx.Aspire.Tests", "tests\OctopusEx.Aspire.Tests\OctopusEx.Aspire.Tests.csproj", "{5C1D3C2F-4338-4B33-88DA-89A99A42E231}"
EndProject
Global
	GlobalSection(SolutionConfigurationPlatforms) = preSolution
		Debug|Any CPU = Debug|Any CPU
		Debug|x64 = Debug|x64
		Debug|x86 = Debug|x86
		Guid版本|Any CPU = Guid版本|Any CPU
		Guid版本|x64 = Guid版本|x64
		Guid版本|x86 = Guid版本|x86
		Long版本|Any CPU = Long版本|Any CPU
		Long版本|x64 = Long版本|x64
		Long版本|x86 = Long版本|x86
		Release|Any CPU = Release|Any CPU
		Release|x64 = Release|x64
		Release|x86 = Release|x86
		String版本|Any CPU = String版本|Any CPU
		String版本|x64 = String版本|x64
		String版本|x86 = String版本|x86
	EndGlobalSection
	GlobalSection(ProjectConfigurationPlatforms) = postSolution
		{66ED4541-A56B-4E92-B8FA-0F39A8CD3B1C}.Debug|Any CPU.ActiveCfg = Debug|Any CPU
		{66ED4541-A56B-4E92-B8FA-0F39A8CD3B1C}.Debug|Any CPU.Build.0 = Debug|Any CPU
		{66ED4541-A56B-4E92-B8FA-0F39A8CD3B1C}.Debug|x64.ActiveCfg = Debug|Any CPU
		{66ED4541-A56B-4E92-B8FA-0F39A8CD3B1C}.Debug|x64.Build.0 = Debug|Any CPU
		{66ED4541-A56B-4E92-B8FA-0F39A8CD3B1C}.Debug|x86.ActiveCfg = Debug|Any CPU
		{66ED4541-A56B-4E92-B8FA-0F39A8CD3B1C}.Debug|x86.Build.0 = Debug|Any CPU
		{66ED4541-A56B-4E92-B8FA-0F39A8CD3B1C}.Guid版本|Any CPU.ActiveCfg = Debug|Any CPU
		{66ED4541-A56B-4E92-B8FA-0F39A8CD3B1C}.Guid版本|Any CPU.Build.0 = Debug|Any CPU
		{66ED4541-A56B-4E92-B8FA-0F39A8CD3B1C}.Guid版本|x64.ActiveCfg = Guid版本|Any CPU
		{66ED4541-A56B-4E92-B8FA-0F39A8CD3B1C}.Guid版本|x64.Build.0 = Guid版本|Any CPU
		{66ED4541-A56B-4E92-B8FA-0F39A8CD3B1C}.Guid版本|x86.ActiveCfg = Guid版本|Any CPU
		{66ED4541-A56B-4E92-B8FA-0F39A8CD3B1C}.Guid版本|x86.Build.0 = Guid版本|Any CPU
		{66ED4541-A56B-4E92-B8FA-0F39A8CD3B1C}.Long版本|Any CPU.ActiveCfg = Debug|Any CPU
		{66ED4541-A56B-4E92-B8FA-0F39A8CD3B1C}.Long版本|Any CPU.Build.0 = Debug|Any CPU
		{66ED4541-A56B-4E92-B8FA-0F39A8CD3B1C}.Long版本|x64.ActiveCfg = Long版本|Any CPU
		{66ED4541-A56B-4E92-B8FA-0F39A8CD3B1C}.Long版本|x64.Build.0 = Long版本|Any CPU
		{66ED4541-A56B-4E92-B8FA-0F39A8CD3B1C}.Long版本|x86.ActiveCfg = Long版本|Any CPU
		{66ED4541-A56B-4E92-B8FA-0F39A8CD3B1C}.Long版本|x86.Build.0 = Long版本|Any CPU
		{66ED4541-A56B-4E92-B8FA-0F39A8CD3B1C}.Release|Any CPU.ActiveCfg = Release|Any CPU
		{66ED4541-A56B-4E92-B8FA-0F39A8CD3B1C}.Release|Any CPU.Build.0 = Release|Any CPU
		{66ED4541-A56B-4E92-B8FA-0F39A8CD3B1C}.Release|x64.ActiveCfg = Release|Any CPU
		{66ED4541-A56B-4E92-B8FA-0F39A8CD3B1C}.Release|x64.Build.0 = Release|Any CPU
		{66ED4541-A56B-4E92-B8FA-0F39A8CD3B1C}.Release|x86.ActiveCfg = Release|Any CPU
		{66ED4541-A56B-4E92-B8FA-0F39A8CD3B1C}.Release|x86.Build.0 = Release|Any CPU
		{66ED4541-A56B-4E92-B8FA-0F39A8CD3B1C}.String版本|Any CPU.ActiveCfg = Debug|Any CPU
		{66ED4541-A56B-4E92-B8FA-0F39A8CD3B1C}.String版本|Any CPU.Build.0 = Debug|Any CPU
		{66ED4541-A56B-4E92-B8FA-0F39A8CD3B1C}.String版本|x64.ActiveCfg = String版本|Any CPU
		{66ED4541-A56B-4E92-B8FA-0F39A8CD3B1C}.String版本|x64.Build.0 = String版本|Any CPU
		{66ED4541-A56B-4E92-B8FA-0F39A8CD3B1C}.String版本|x86.ActiveCfg = String版本|Any CPU
		{66ED4541-A56B-4E92-B8FA-0F39A8CD3B1C}.String版本|x86.Build.0 = String版本|Any CPU
		{0D7807C4-B2C6-4484-834A-F5F93FBECD05}.Debug|Any CPU.ActiveCfg = Debug|Any CPU
		{0D7807C4-B2C6-4484-834A-F5F93FBECD05}.Debug|Any CPU.Build.0 = Debug|Any CPU
		{0D7807C4-B2C6-4484-834A-F5F93FBECD05}.Debug|x64.ActiveCfg = Debug|Any CPU
		{0D7807C4-B2C6-4484-834A-F5F93FBECD05}.Debug|x64.Build.0 = Debug|Any CPU
		{0D7807C4-B2C6-4484-834A-F5F93FBECD05}.Debug|x86.ActiveCfg = Debug|Any CPU
		{0D7807C4-B2C6-4484-834A-F5F93FBECD05}.Debug|x86.Build.0 = Debug|Any CPU
		{0D7807C4-B2C6-4484-834A-F5F93FBECD05}.Guid版本|Any CPU.ActiveCfg = Debug|Any CPU
		{0D7807C4-B2C6-4484-834A-F5F93FBECD05}.Guid版本|Any CPU.Build.0 = Debug|Any CPU
		{0D7807C4-B2C6-4484-834A-F5F93FBECD05}.Guid版本|x64.ActiveCfg = Guid版本|Any CPU
		{0D7807C4-B2C6-4484-834A-F5F93FBECD05}.Guid版本|x64.Build.0 = Guid版本|Any CPU
		{0D7807C4-B2C6-4484-834A-F5F93FBECD05}.Guid版本|x86.ActiveCfg = Guid版本|Any CPU
		{0D7807C4-B2C6-4484-834A-F5F93FBECD05}.Guid版本|x86.Build.0 = Guid版本|Any CPU
		{0D7807C4-B2C6-4484-834A-F5F93FBECD05}.Long版本|Any CPU.ActiveCfg = Debug|Any CPU
		{0D7807C4-B2C6-4484-834A-F5F93FBECD05}.Long版本|Any CPU.Build.0 = Debug|Any CPU
		{0D7807C4-B2C6-4484-834A-F5F93FBECD05}.Long版本|x64.ActiveCfg = Long版本|Any CPU
		{0D7807C4-B2C6-4484-834A-F5F93FBECD05}.Long版本|x64.Build.0 = Long版本|Any CPU
		{0D7807C4-B2C6-4484-834A-F5F93FBECD05}.Long版本|x86.ActiveCfg = Long版本|Any CPU
		{0D7807C4-B2C6-4484-834A-F5F93FBECD05}.Long版本|x86.Build.0 = Long版本|Any CPU
		{0D7807C4-B2C6-4484-834A-F5F93FBECD05}.Release|Any CPU.ActiveCfg = Release|Any CPU
		{0D7807C4-B2C6-4484-834A-F5F93FBECD05}.Release|Any CPU.Build.0 = Release|Any CPU
		{0D7807C4-B2C6-4484-834A-F5F93FBECD05}.Release|x64.ActiveCfg = Release|Any CPU
		{0D7807C4-B2C6-4484-834A-F5F93FBECD05}.Release|x64.Build.0 = Release|Any CPU
		{0D7807C4-B2C6-4484-834A-F5F93FBECD05}.Release|x86.ActiveCfg = Release|Any CPU
		{0D7807C4-B2C6-4484-834A-F5F93FBECD05}.Release|x86.Build.0 = Release|Any CPU
		{0D7807C4-B2C6-4484-834A-F5F93FBECD05}.String版本|Any CPU.ActiveCfg = Debug|Any CPU
		{0D7807C4-B2C6-4484-834A-F5F93FBECD05}.String版本|Any CPU.Build.0 = Debug|Any CPU
		{0D7807C4-B2C6-4484-834A-F5F93FBECD05}.String版本|x64.ActiveCfg = String版本|Any CPU
		{0D7807C4-B2C6-4484-834A-F5F93FBECD05}.String版本|x64.Build.0 = String版本|Any CPU
		{0D7807C4-B2C6-4484-834A-F5F93FBECD05}.String版本|x86.ActiveCfg = String版本|Any CPU
		{0D7807C4-B2C6-4484-834A-F5F93FBECD05}.String版本|x86.Build.0 = String版本|Any CPU
		{41E49348-B12D-4B3C-B521-7BDED180B254}.Debug|Any CPU.ActiveCfg = Debug|Any CPU
		{41E49348-B12D-4B3C-B521-7BDED180B254}.Debug|Any CPU.Build.0 = Debug|Any CPU
		{41E49348-B12D-4B3C-B521-7BDED180B254}.Debug|x64.ActiveCfg = Debug|Any CPU
		{41E49348-B12D-4B3C-B521-7BDED180B254}.Debug|x64.Build.0 = Debug|Any CPU
		{41E49348-B12D-4B3C-B521-7BDED180B254}.Debug|x86.ActiveCfg = Debug|Any CPU
		{41E49348-B12D-4B3C-B521-7BDED180B254}.Debug|x86.Build.0 = Debug|Any CPU
		{41E49348-B12D-4B3C-B521-7BDED180B254}.Guid版本|Any CPU.ActiveCfg = Debug|Any CPU
		{41E49348-B12D-4B3C-B521-7BDED180B254}.Guid版本|Any CPU.Build.0 = Debug|Any CPU
		{41E49348-B12D-4B3C-B521-7BDED180B254}.Guid版本|x64.ActiveCfg = Guid版本|Any CPU
		{41E49348-B12D-4B3C-B521-7BDED180B254}.Guid版本|x64.Build.0 = Guid版本|Any CPU
		{41E49348-B12D-4B3C-B521-7BDED180B254}.Guid版本|x86.ActiveCfg = Guid版本|Any CPU
		{41E49348-B12D-4B3C-B521-7BDED180B254}.Guid版本|x86.Build.0 = Guid版本|Any CPU
		{41E49348-B12D-4B3C-B521-7BDED180B254}.Long版本|Any CPU.ActiveCfg = Debug|Any CPU
		{41E49348-B12D-4B3C-B521-7BDED180B254}.Long版本|Any CPU.Build.0 = Debug|Any CPU
		{41E49348-B12D-4B3C-B521-7BDED180B254}.Long版本|x64.ActiveCfg = Long版本|Any CPU
		{41E49348-B12D-4B3C-B521-7BDED180B254}.Long版本|x64.Build.0 = Long版本|Any CPU
		{41E49348-B12D-4B3C-B521-7BDED180B254}.Long版本|x86.ActiveCfg = Long版本|Any CPU
		{41E49348-B12D-4B3C-B521-7BDED180B254}.Long版本|x86.Build.0 = Long版本|Any CPU
		{41E49348-B12D-4B3C-B521-7BDED180B254}.Release|Any CPU.ActiveCfg = Release|Any CPU
		{41E49348-B12D-4B3C-B521-7BDED180B254}.Release|Any CPU.Build.0 = Release|Any CPU
		{41E49348-B12D-4B3C-B521-7BDED180B254}.Release|x64.ActiveCfg = Release|Any CPU
		{41E49348-B12D-4B3C-B521-7BDED180B254}.Release|x64.Build.0 = Release|Any CPU
		{41E49348-B12D-4B3C-B521-7BDED180B254}.Release|x86.ActiveCfg = Release|Any CPU
		{41E49348-B12D-4B3C-B521-7BDED180B254}.Release|x86.Build.0 = Release|Any CPU
		{41E49348-B12D-4B3C-B521-7BDED180B254}.String版本|Any CPU.ActiveCfg = Debug|Any CPU
		{41E49348-B12D-4B3C-B521-7BDED180B254}.String版本|Any CPU.Build.0 = Debug|Any CPU
		{41E49348-B12D-4B3C-B521-7BDED180B254}.String版本|x64.ActiveCfg = String版本|Any CPU
		{41E49348-B12D-4B3C-B521-7BDED180B254}.String版本|x64.Build.0 = String版本|Any CPU
		{41E49348-B12D-4B3C-B521-7BDED180B254}.String版本|x86.ActiveCfg = String版本|Any CPU
		{41E49348-B12D-4B3C-B521-7BDED180B254}.String版本|x86.Build.0 = String版本|Any CPU
		{98BE17A3-BD52-4009-8026-D623CCDC73D2}.Debug|Any CPU.ActiveCfg = Debug|Any CPU
		{98BE17A3-BD52-4009-8026-D623CCDC73D2}.Debug|Any CPU.Build.0 = Debug|Any CPU
		{98BE17A3-BD52-4009-8026-D623CCDC73D2}.Debug|x64.ActiveCfg = Debug|Any CPU
		{98BE17A3-BD52-4009-8026-D623CCDC73D2}.Debug|x64.Build.0 = Debug|Any CPU
		{98BE17A3-BD52-4009-8026-D623CCDC73D2}.Debug|x86.ActiveCfg = Debug|Any CPU
		{98BE17A3-BD52-4009-8026-D623CCDC73D2}.Debug|x86.Build.0 = Debug|Any CPU
		{98BE17A3-BD52-4009-8026-D623CCDC73D2}.Guid版本|Any CPU.ActiveCfg = Debug|Any CPU
		{98BE17A3-BD52-4009-8026-D623CCDC73D2}.Guid版本|Any CPU.Build.0 = Debug|Any CPU
		{98BE17A3-BD52-4009-8026-D623CCDC73D2}.Guid版本|x64.ActiveCfg = Guid版本|Any CPU
		{98BE17A3-BD52-4009-8026-D623CCDC73D2}.Guid版本|x64.Build.0 = Guid版本|Any CPU
		{98BE17A3-BD52-4009-8026-D623CCDC73D2}.Guid版本|x86.ActiveCfg = Guid版本|Any CPU
		{98BE17A3-BD52-4009-8026-D623CCDC73D2}.Guid版本|x86.Build.0 = Guid版本|Any CPU
		{98BE17A3-BD52-4009-8026-D623CCDC73D2}.Long版本|Any CPU.ActiveCfg = Debug|Any CPU
		{98BE17A3-BD52-4009-8026-D623CCDC73D2}.Long版本|Any CPU.Build.0 = Debug|Any CPU
		{98BE17A3-BD52-4009-8026-D623CCDC73D2}.Long版本|x64.ActiveCfg = Long版本|Any CPU
		{98BE17A3-BD52-4009-8026-D623CCDC73D2}.Long版本|x64.Build.0 = Long版本|Any CPU
		{98BE17A3-BD52-4009-8026-D623CCDC73D2}.Long版本|x86.ActiveCfg = Long版本|Any CPU
		{98BE17A3-BD52-4009-8026-D623CCDC73D2}.Long版本|x86.Build.0 = Long版本|Any CPU
		{98BE17A3-BD52-4009-8026-D623CCDC73D2}.Release|Any CPU.ActiveCfg = Release|Any CPU
		{98BE17A3-BD52-4009-8026-D623CCDC73D2}.Release|Any CPU.Build.0 = Release|Any CPU
		{98BE17A3-BD52-4009-8026-D623CCDC73D2}.Release|x64.ActiveCfg = Release|Any CPU
		{98BE17A3-BD52-4009-8026-D623CCDC73D2}.Release|x64.Build.0 = Release|Any CPU
		{98BE17A3-BD52-4009-8026-D623CCDC73D2}.Release|x86.ActiveCfg = Release|Any CPU
		{98BE17A3-BD52-4009-8026-D623CCDC73D2}.Release|x86.Build.0 = Release|Any CPU
		{98BE17A3-BD52-4009-8026-D623CCDC73D2}.String版本|Any CPU.ActiveCfg = Debug|Any CPU
		{98BE17A3-BD52-4009-8026-D623CCDC73D2}.String版本|Any CPU.Build.0 = Debug|Any CPU
		{98BE17A3-BD52-4009-8026-D623CCDC73D2}.String版本|x64.ActiveCfg = String版本|Any CPU
		{98BE17A3-BD52-4009-8026-D623CCDC73D2}.String版本|x64.Build.0 = String版本|Any CPU
		{98BE17A3-BD52-4009-8026-D623CCDC73D2}.String版本|x86.ActiveCfg = String版本|Any CPU
		{98BE17A3-BD52-4009-8026-D623CCDC73D2}.String版本|x86.Build.0 = String版本|Any CPU
		{8423DE22-FBA9-4C68-9070-B8EA57A41F13}.Debug|Any CPU.ActiveCfg = Debug|Any CPU
		{8423DE22-FBA9-4C68-9070-B8EA57A41F13}.Debug|Any CPU.Build.0 = Debug|Any CPU
		{8423DE22-FBA9-4C68-9070-B8EA57A41F13}.Debug|x64.ActiveCfg = Debug|Any CPU
		{8423DE22-FBA9-4C68-9070-B8EA57A41F13}.Debug|x64.Build.0 = Debug|Any CPU
		{8423DE22-FBA9-4C68-9070-B8EA57A41F13}.Debug|x86.ActiveCfg = Debug|Any CPU
		{8423DE22-FBA9-4C68-9070-B8EA57A41F13}.Debug|x86.Build.0 = Debug|Any CPU
		{8423DE22-FBA9-4C68-9070-B8EA57A41F13}.Guid版本|Any CPU.ActiveCfg = Debug|Any CPU
		{8423DE22-FBA9-4C68-9070-B8EA57A41F13}.Guid版本|Any CPU.Build.0 = Debug|Any CPU
		{8423DE22-FBA9-4C68-9070-B8EA57A41F13}.Guid版本|x64.ActiveCfg = Debug|Any CPU
		{8423DE22-FBA9-4C68-9070-B8EA57A41F13}.Guid版本|x64.Build.0 = Debug|Any CPU
		{8423DE22-FBA9-4C68-9070-B8EA57A41F13}.Guid版本|x86.ActiveCfg = Debug|Any CPU
		{8423DE22-FBA9-4C68-9070-B8EA57A41F13}.Guid版本|x86.Build.0 = Debug|Any CPU
		{8423DE22-FBA9-4C68-9070-B8EA57A41F13}.Long版本|Any CPU.ActiveCfg = Debug|Any CPU
		{8423DE22-FBA9-4C68-9070-B8EA57A41F13}.Long版本|Any CPU.Build.0 = Debug|Any CPU
		{8423DE22-FBA9-4C68-9070-B8EA57A41F13}.Long版本|x64.ActiveCfg = Debug|Any CPU
		{8423DE22-FBA9-4C68-9070-B8EA57A41F13}.Long版本|x64.Build.0 = Debug|Any CPU
		{8423DE22-FBA9-4C68-9070-B8EA57A41F13}.Long版本|x86.ActiveCfg = Debug|Any CPU
		{8423DE22-FBA9-4C68-9070-B8EA57A41F13}.Long版本|x86.Build.0 = Debug|Any CPU
		{8423DE22-FBA9-4C68-9070-B8EA57A41F13}.Release|Any CPU.ActiveCfg = Release|Any CPU
		{8423DE22-FBA9-4C68-9070-B8EA57A41F13}.Release|Any CPU.Build.0 = Release|Any CPU
		{8423DE22-FBA9-4C68-9070-B8EA57A41F13}.Release|x64.ActiveCfg = Release|Any CPU
		{8423DE22-FBA9-4C68-9070-B8EA57A41F13}.Release|x64.Build.0 = Release|Any CPU
		{8423DE22-FBA9-4C68-9070-B8EA57A41F13}.Release|x86.ActiveCfg = Release|Any CPU
		{8423DE22-FBA9-4C68-9070-B8EA57A41F13}.Release|x86.Build.0 = Release|Any CPU
		{8423DE22-FBA9-4C68-9070-B8EA57A41F13}.String版本|Any CPU.ActiveCfg = Debug|Any CPU
		{8423DE22-FBA9-4C68-9070-B8EA57A41F13}.String版本|Any CPU.Build.0 = Debug|Any CPU
		{8423DE22-FBA9-4C68-9070-B8EA57A41F13}.String版本|x64.ActiveCfg = Debug|Any CPU
		{8423DE22-FBA9-4C68-9070-B8EA57A41F13}.String版本|x64.Build.0 = Debug|Any CPU
		{8423DE22-FBA9-4C68-9070-B8EA57A41F13}.String版本|x86.ActiveCfg = Debug|Any CPU
		{8423DE22-FBA9-4C68-9070-B8EA57A41F13}.String版本|x86.Build.0 = Debug|Any CPU
		{5908CC29-E1D1-40E0-9E69-346B4293E096}.Debug|Any CPU.ActiveCfg = Debug|Any CPU
		{5908CC29-E1D1-40E0-9E69-346B4293E096}.Debug|Any CPU.Build.0 = Debug|Any CPU
		{5908CC29-E1D1-40E0-9E69-346B4293E096}.Debug|x64.ActiveCfg = Debug|Any CPU
		{5908CC29-E1D1-40E0-9E69-346B4293E096}.Debug|x64.Build.0 = Debug|Any CPU
		{5908CC29-E1D1-40E0-9E69-346B4293E096}.Debug|x86.ActiveCfg = Debug|Any CPU
		{5908CC29-E1D1-40E0-9E69-346B4293E096}.Debug|x86.Build.0 = Debug|Any CPU
		{5908CC29-E1D1-40E0-9E69-346B4293E096}.Guid版本|Any CPU.ActiveCfg = Debug|Any CPU
		{5908CC29-E1D1-40E0-9E69-346B4293E096}.Guid版本|Any CPU.Build.0 = Debug|Any CPU
		{5908CC29-E1D1-40E0-9E69-346B4293E096}.Guid版本|x64.ActiveCfg = Debug|Any CPU
		{5908CC29-E1D1-40E0-9E69-346B4293E096}.Guid版本|x64.Build.0 = Debug|Any CPU
		{5908CC29-E1D1-40E0-9E69-346B4293E096}.Guid版本|x86.ActiveCfg = Debug|Any CPU
		{5908CC29-E1D1-40E0-9E69-346B4293E096}.Guid版本|x86.Build.0 = Debug|Any CPU
		{5908CC29-E1D1-40E0-9E69-346B4293E096}.Long版本|Any CPU.ActiveCfg = Debug|Any CPU
		{5908CC29-E1D1-40E0-9E69-346B4293E096}.Long版本|Any CPU.Build.0 = Debug|Any CPU
		{5908CC29-E1D1-40E0-9E69-346B4293E096}.Long版本|x64.ActiveCfg = Debug|Any CPU
		{5908CC29-E1D1-40E0-9E69-346B4293E096}.Long版本|x64.Build.0 = Debug|Any CPU
		{5908CC29-E1D1-40E0-9E69-346B4293E096}.Long版本|x86.ActiveCfg = Debug|Any CPU
		{5908CC29-E1D1-40E0-9E69-346B4293E096}.Long版本|x86.Build.0 = Debug|Any CPU
		{5908CC29-E1D1-40E0-9E69-346B4293E096}.Release|Any CPU.ActiveCfg = Release|Any CPU
		{5908CC29-E1D1-40E0-9E69-346B4293E096}.Release|Any CPU.Build.0 = Release|Any CPU
		{5908CC29-E1D1-40E0-9E69-346B4293E096}.Release|x64.ActiveCfg = Release|Any CPU
		{5908CC29-E1D1-40E0-9E69-346B4293E096}.Release|x64.Build.0 = Release|Any CPU
		{5908CC29-E1D1-40E0-9E69-346B4293E096}.Release|x86.ActiveCfg = Release|Any CPU
		{5908CC29-E1D1-40E0-9E69-346B4293E096}.Release|x86.Build.0 = Release|Any CPU
		{5908CC29-E1D1-40E0-9E69-346B4293E096}.String版本|Any CPU.ActiveCfg = Debug|Any CPU
		{5908CC29-E1D1-40E0-9E69-346B4293E096}.String版本|Any CPU.Build.0 = Debug|Any CPU
		{5908CC29-E1D1-40E0-9E69-346B4293E096}.String版本|x64.ActiveCfg = Debug|Any CPU
		{5908CC29-E1D1-40E0-9E69-346B4293E096}.String版本|x64.Build.0 = Debug|Any CPU
		{5908CC29-E1D1-40E0-9E69-346B4293E096}.String版本|x86.ActiveCfg = Debug|Any CPU
		{5908CC29-E1D1-40E0-9E69-346B4293E096}.String版本|x86.Build.0 = Debug|Any CPU
		{8E27A2A7-25CF-490F-B680-D028AC699D06}.Debug|Any CPU.ActiveCfg = Debug|Any CPU
		{8E27A2A7-25CF-490F-B680-D028AC699D06}.Debug|Any CPU.Build.0 = Debug|Any CPU
		{8E27A2A7-25CF-490F-B680-D028AC699D06}.Debug|x64.ActiveCfg = Debug|Any CPU
		{8E27A2A7-25CF-490F-B680-D028AC699D06}.Debug|x64.Build.0 = Debug|Any CPU
		{8E27A2A7-25CF-490F-B680-D028AC699D06}.Debug|x86.ActiveCfg = Debug|Any CPU
		{8E27A2A7-25CF-490F-B680-D028AC699D06}.Debug|x86.Build.0 = Debug|Any CPU
		{8E27A2A7-25CF-490F-B680-D028AC699D06}.Guid版本|Any CPU.ActiveCfg = Debug|Any CPU
		{8E27A2A7-25CF-490F-B680-D028AC699D06}.Guid版本|Any CPU.Build.0 = Debug|Any CPU
		{8E27A2A7-25CF-490F-B680-D028AC699D06}.Guid版本|x64.ActiveCfg = Debug|Any CPU
		{8E27A2A7-25CF-490F-B680-D028AC699D06}.Guid版本|x64.Build.0 = Debug|Any CPU
		{8E27A2A7-25CF-490F-B680-D028AC699D06}.Guid版本|x86.ActiveCfg = Debug|Any CPU
		{8E27A2A7-25CF-490F-B680-D028AC699D06}.Guid版本|x86.Build.0 = Debug|Any CPU
		{8E27A2A7-25CF-490F-B680-D028AC699D06}.Long版本|Any CPU.ActiveCfg = Debug|Any CPU
		{8E27A2A7-25CF-490F-B680-D028AC699D06}.Long版本|Any CPU.Build.0 = Debug|Any CPU
		{8E27A2A7-25CF-490F-B680-D028AC699D06}.Long版本|x64.ActiveCfg = Debug|Any CPU
		{8E27A2A7-25CF-490F-B680-D028AC699D06}.Long版本|x64.Build.0 = Debug|Any CPU
		{8E27A2A7-25CF-490F-B680-D028AC699D06}.Long版本|x86.ActiveCfg = Debug|Any CPU
		{8E27A2A7-25CF-490F-B680-D028AC699D06}.Long版本|x86.Build.0 = Debug|Any CPU
		{8E27A2A7-25CF-490F-B680-D028AC699D06}.Release|Any CPU.ActiveCfg = Release|Any CPU
		{8E27A2A7-25CF-490F-B680-D028AC699D06}.Release|Any CPU.Build.0 = Release|Any CPU
		{8E27A2A7-25CF-490F-B680-D028AC699D06}.Release|x64.ActiveCfg = Release|Any CPU
		{8E27A2A7-25CF-490F-B680-D028AC699D06}.Release|x64.Build.0 = Release|Any CPU
		{8E27A2A7-25CF-490F-B680-D028AC699D06}.Release|x86.ActiveCfg = Release|Any CPU
		{8E27A2A7-25CF-490F-B680-D028AC699D06}.Release|x86.Build.0 = Release|Any CPU
		{8E27A2A7-25CF-490F-B680-D028AC699D06}.String版本|Any CPU.ActiveCfg = Debug|Any CPU
		{8E27A2A7-25CF-490F-B680-D028AC699D06}.String版本|Any CPU.Build.0 = Debug|Any CPU
		{8E27A2A7-25CF-490F-B680-D028AC699D06}.String版本|x64.ActiveCfg = Debug|Any CPU
		{8E27A2A7-25CF-490F-B680-D028AC699D06}.String版本|x64.Build.0 = Debug|Any CPU
		{8E27A2A7-25CF-490F-B680-D028AC699D06}.String版本|x86.ActiveCfg = Debug|Any CPU
		{8E27A2A7-25CF-490F-B680-D028AC699D06}.String版本|x86.Build.0 = Debug|Any CPU
		{80B34C03-B183-4551-B2B3-A4A5B6995765}.Debug|Any CPU.ActiveCfg = Debug|Any CPU
		{80B34C03-B183-4551-B2B3-A4A5B6995765}.Debug|Any CPU.Build.0 = Debug|Any CPU
		{80B34C03-B183-4551-B2B3-A4A5B6995765}.Debug|x64.ActiveCfg = Debug|Any CPU
		{80B34C03-B183-4551-B2B3-A4A5B6995765}.Debug|x64.Build.0 = Debug|Any CPU
		{80B34C03-B183-4551-B2B3-A4A5B6995765}.Debug|x86.ActiveCfg = Debug|Any CPU
		{80B34C03-B183-4551-B2B3-A4A5B6995765}.Debug|x86.Build.0 = Debug|Any CPU
		{80B34C03-B183-4551-B2B3-A4A5B6995765}.Guid版本|Any CPU.ActiveCfg = Debug|Any CPU
		{80B34C03-B183-4551-B2B3-A4A5B6995765}.Guid版本|Any CPU.Build.0 = Debug|Any CPU
		{80B34C03-B183-4551-B2B3-A4A5B6995765}.Guid版本|x64.ActiveCfg = Debug|Any CPU
		{80B34C03-B183-4551-B2B3-A4A5B6995765}.Guid版本|x64.Build.0 = Debug|Any CPU
		{80B34C03-B183-4551-B2B3-A4A5B6995765}.Guid版本|x86.ActiveCfg = Debug|Any CPU
		{80B34C03-B183-4551-B2B3-A4A5B6995765}.Guid版本|x86.Build.0 = Debug|Any CPU
		{80B34C03-B183-4551-B2B3-A4A5B6995765}.Long版本|Any CPU.ActiveCfg = Debug|Any CPU
		{80B34C03-B183-4551-B2B3-A4A5B6995765}.Long版本|Any CPU.Build.0 = Debug|Any CPU
		{80B34C03-B183-4551-B2B3-A4A5B6995765}.Long版本|x64.ActiveCfg = Debug|Any CPU
		{80B34C03-B183-4551-B2B3-A4A5B6995765}.Long版本|x64.Build.0 = Debug|Any CPU
		{80B34C03-B183-4551-B2B3-A4A5B6995765}.Long版本|x86.ActiveCfg = Debug|Any CPU
		{80B34C03-B183-4551-B2B3-A4A5B6995765}.Long版本|x86.Build.0 = Debug|Any CPU
		{80B34C03-B183-4551-B2B3-A4A5B6995765}.Release|Any CPU.ActiveCfg = Release|Any CPU
		{80B34C03-B183-4551-B2B3-A4A5B6995765}.Release|Any CPU.Build.0 = Release|Any CPU
		{80B34C03-B183-4551-B2B3-A4A5B6995765}.Release|x64.ActiveCfg = Release|Any CPU
		{80B34C03-B183-4551-B2B3-A4A5B6995765}.Release|x64.Build.0 = Release|Any CPU
		{80B34C03-B183-4551-B2B3-A4A5B6995765}.Release|x86.ActiveCfg = Release|Any CPU
		{80B34C03-B183-4551-B2B3-A4A5B6995765}.Release|x86.Build.0 = Release|Any CPU
		{80B34C03-B183-4551-B2B3-A4A5B6995765}.String版本|Any CPU.ActiveCfg = Debug|Any CPU
		{80B34C03-B183-4551-B2B3-A4A5B6995765}.String版本|Any CPU.Build.0 = Debug|Any CPU
		{80B34C03-B183-4551-B2B3-A4A5B6995765}.String版本|x64.ActiveCfg = Debug|Any CPU
		{80B34C03-B183-4551-B2B3-A4A5B6995765}.String版本|x64.Build.0 = Debug|Any CPU
		{80B34C03-B183-4551-B2B3-A4A5B6995765}.String版本|x86.ActiveCfg = Debug|Any CPU
		{80B34C03-B183-4551-B2B3-A4A5B6995765}.String版本|x86.Build.0 = Debug|Any CPU
		{E34B8FB8-1F9C-4B3D-AB53-07BF6AA528AD}.Debug|Any CPU.ActiveCfg = Debug|Any CPU
		{E34B8FB8-1F9C-4B3D-AB53-07BF6AA528AD}.Debug|Any CPU.Build.0 = Debug|Any CPU
		{E34B8FB8-1F9C-4B3D-AB53-07BF6AA528AD}.Debug|x64.ActiveCfg = Debug|Any CPU
		{E34B8FB8-1F9C-4B3D-AB53-07BF6AA528AD}.Debug|x64.Build.0 = Debug|Any CPU
		{E34B8FB8-1F9C-4B3D-AB53-07BF6AA528AD}.Debug|x86.ActiveCfg = Debug|Any CPU
		{E34B8FB8-1F9C-4B3D-AB53-07BF6AA528AD}.Debug|x86.Build.0 = Debug|Any CPU
		{E34B8FB8-1F9C-4B3D-AB53-07BF6AA528AD}.Guid版本|Any CPU.ActiveCfg = Debug|Any CPU
		{E34B8FB8-1F9C-4B3D-AB53-07BF6AA528AD}.Guid版本|Any CPU.Build.0 = Debug|Any CPU
		{E34B8FB8-1F9C-4B3D-AB53-07BF6AA528AD}.Guid版本|x64.ActiveCfg = Debug|Any CPU
		{E34B8FB8-1F9C-4B3D-AB53-07BF6AA528AD}.Guid版本|x64.Build.0 = Debug|Any CPU
		{E34B8FB8-1F9C-4B3D-AB53-07BF6AA528AD}.Guid版本|x86.ActiveCfg = Debug|Any CPU
		{E34B8FB8-1F9C-4B3D-AB53-07BF6AA528AD}.Guid版本|x86.Build.0 = Debug|Any CPU
		{E34B8FB8-1F9C-4B3D-AB53-07BF6AA528AD}.Long版本|Any CPU.ActiveCfg = Debug|Any CPU
		{E34B8FB8-1F9C-4B3D-AB53-07BF6AA528AD}.Long版本|Any CPU.Build.0 = Debug|Any CPU
		{E34B8FB8-1F9C-4B3D-AB53-07BF6AA528AD}.Long版本|x64.ActiveCfg = Debug|Any CPU
		{E34B8FB8-1F9C-4B3D-AB53-07BF6AA528AD}.Long版本|x64.Build.0 = Debug|Any CPU
		{E34B8FB8-1F9C-4B3D-AB53-07BF6AA528AD}.Long版本|x86.ActiveCfg = Debug|Any CPU
		{E34B8FB8-1F9C-4B3D-AB53-07BF6AA528AD}.Long版本|x86.Build.0 = Debug|Any CPU
		{E34B8FB8-1F9C-4B3D-AB53-07BF6AA528AD}.Release|Any CPU.ActiveCfg = Release|Any CPU
		{E34B8FB8-1F9C-4B3D-AB53-07BF6AA528AD}.Release|Any CPU.Build.0 = Release|Any CPU
		{E34B8FB8-1F9C-4B3D-AB53-07BF6AA528AD}.Release|x64.ActiveCfg = Release|Any CPU
		{E34B8FB8-1F9C-4B3D-AB53-07BF6AA528AD}.Release|x64.Build.0 = Release|Any CPU
		{E34B8FB8-1F9C-4B3D-AB53-07BF6AA528AD}.Release|x86.ActiveCfg = Release|Any CPU
		{E34B8FB8-1F9C-4B3D-AB53-07BF6AA528AD}.Release|x86.Build.0 = Release|Any CPU
		{E34B8FB8-1F9C-4B3D-AB53-07BF6AA528AD}.String版本|Any CPU.ActiveCfg = Debug|Any CPU
		{E34B8FB8-1F9C-4B3D-AB53-07BF6AA528AD}.String版本|Any CPU.Build.0 = Debug|Any CPU
		{E34B8FB8-1F9C-4B3D-AB53-07BF6AA528AD}.String版本|x64.ActiveCfg = Debug|Any CPU
		{E34B8FB8-1F9C-4B3D-AB53-07BF6AA528AD}.String版本|x64.Build.0 = Debug|Any CPU
		{E34B8FB8-1F9C-4B3D-AB53-07BF6AA528AD}.String版本|x86.ActiveCfg = Debug|Any CPU
		{E34B8FB8-1F9C-4B3D-AB53-07BF6AA528AD}.String版本|x86.Build.0 = Debug|Any CPU
		{5C1D3C2F-4338-4B33-88DA-89A99A42E231}.Debug|Any CPU.ActiveCfg = Debug|Any CPU
		{5C1D3C2F-4338-4B33-88DA-89A99A42E231}.Debug|Any CPU.Build.0 = Debug|Any CPU
		{5C1D3C2F-4338-4B33-88DA-89A99A42E231}.Debug|x64.ActiveCfg = Debug|Any CPU
		{5C1D3C2F-4338-4B33-88DA-89A99A42E231}.Debug|x64.Build.0 = Debug|Any CPU
		{5C1D3C2F-4338-4B33-88DA-89A99A42E231}.Debug|x86.ActiveCfg = Debug|Any CPU
		{5C1D3C2F-4338-4B33-88DA-89A99A42E231}.Debug|x86.Build.0 = Debug|Any CPU
		{5C1D3C2F-4338-4B33-88DA-89A99A42E231}.Guid版本|Any CPU.ActiveCfg = Debug|Any CPU
		{5C1D3C2F-4338-4B33-88DA-89A99A42E231}.Guid版本|Any CPU.Build.0 = Debug|Any CPU
		{5C1D3C2F-4338-4B33-88DA-89A99A42E231}.Guid版本|x64.ActiveCfg = Debug|Any CPU
		{5C1D3C2F-4338-4B33-88DA-89A99A42E231}.Guid版本|x64.Build.0 = Debug|Any CPU
		{5C1D3C2F-4338-4B33-88DA-89A99A42E231}.Guid版本|x86.ActiveCfg = Debug|Any CPU
		{5C1D3C2F-4338-4B33-88DA-89A99A42E231}.Guid版本|x86.Build.0 = Debug|Any CPU
		{5C1D3C2F-4338-4B33-88DA-89A99A42E231}.Long版本|Any CPU.ActiveCfg = Debug|Any CPU
		{5C1D3C2F-4338-4B33-88DA-89A99A42E231}.Long版本|Any CPU.Build.0 = Debug|Any CPU
		{5C1D3C2F-4338-4B33-88DA-89A99A42E231}.Long版本|x64.ActiveCfg = Debug|Any CPU
		{5C1D3C2F-4338-4B33-88DA-89A99A42E231}.Long版本|x64.Build.0 = Debug|Any CPU
		{5C1D3C2F-4338-4B33-88DA-89A99A42E231}.Long版本|x86.ActiveCfg = Debug|Any CPU
		{5C1D3C2F-4338-4B33-88DA-89A99A42E231}.Long版本|x86.Build.0 = Debug|Any CPU
		{5C1D3C2F-4338-4B33-88DA-89A99A42E231}.Release|Any CPU.ActiveCfg = Release|Any CPU
		{5C1D3C2F-4338-4B33-88DA-89A99A42E231}.Release|Any CPU.Build.0 = Release|Any CPU
		{5C1D3C2F-4338-4B33-88DA-89A99A42E231}.Release|x64.ActiveCfg = Release|Any CPU
		{5C1D3C2F-4338-4B33-88DA-89A99A42E231}.Release|x64.Build.0 = Release|Any CPU
		{5C1D3C2F-4338-4B33-88DA-89A99A42E231}.Release|x86.ActiveCfg = Release|Any CPU
		{5C1D3C2F-4338-4B33-88DA-89A99A42E231}.Release|x86.Build.0 = Release|Any CPU
		{5C1D3C2F-4338-4B33-88DA-89A99A42E231}.String版本|Any CPU.ActiveCfg = Debug|Any CPU
		{5C1D3C2F-4338-4B33-88DA-89A99A42E231}.String版本|Any CPU.Build.0 = Debug|Any CPU
		{5C1D3C2F-4338-4B33-88DA-89A99A42E231}.String版本|x64.ActiveCfg = Debug|Any CPU
		{5C1D3C2F-4338-4B33-88DA-89A99A42E231}.String版本|x64.Build.0 = Debug|Any CPU
		{5C1D3C2F-4338-4B33-88DA-89A99A42E231}.String版本|x86.ActiveCfg = Debug|Any CPU
		{5C1D3C2F-4338-4B33-88DA-89A99A42E231}.String版本|x86.Build.0 = Debug|Any CPU
	EndGlobalSection
	GlobalSection(SolutionProperties) = preSolution
		HideSolutionNode = FALSE
	EndGlobalSection
	GlobalSection(NestedProjects) = preSolution
		{8423DE22-FBA9-4C68-9070-B8EA57A41F13} = {0AB3BF05-4346-4AA6-1389-037BE0695223}
		{5908CC29-E1D1-40E0-9E69-346B4293E096} = {0AB3BF05-4346-4AA6-1389-037BE0695223}
		{8E27A2A7-25CF-490F-B680-D028AC699D06} = {0AB3BF05-4346-4AA6-1389-037BE0695223}
		{E34B8FB8-1F9C-4B3D-AB53-07BF6AA528AD} = {0AB3BF05-4346-4AA6-1389-037BE0695223}
		{5C1D3C2F-4338-4B33-88DA-89A99A42E231} = {0AB3BF05-4346-4AA6-1389-037BE0695223}
	EndGlobalSection
	GlobalSection(ExtensibilityGlobals) = postSolution
		SolutionGuid = {C5C40C6B-2856-4202-A102-44DD07D576E4}
	EndGlobalSection
EndGlobal
